
Microsoft Visual Studio Solution File, Format Version 12.00
# Visual Studio Version 17
VisualStudioVersion = 17.11.35327.3
MinimumVisualStudioVersion = 10.0.40219.1
Project("{FAE04EC0-301F-11D3-BF4B-00C04F79EFBC}") = "Practica 1 Gif animado", "Practica 1 Gif animado\Practica 1 Gif animado.csproj", "{AE5ACD87-0FF4-4472-A373-055929A1915A}"
EndProject
Global
	GlobalSection(SolutionConfigurationPlatforms) = preSolution
		Debug|Any CPU = Debug|Any CPU
		Release|Any CPU = Release|Any CPU
	EndGlobalSection
	GlobalSection(ProjectConfigurationPlatforms) = postSolution
		{AE5ACD87-0FF4-4472-A373-055929A1915A}.Debug|Any CPU.ActiveCfg = Debug|Any CPU
		{AE5ACD87-0FF4-4472-A373-055929A1915A}.Debug|Any CPU.Build.0 = Debug|Any CPU
		{AE5ACD87-0FF4-4472-A373-055929A1915A}.Release|Any CPU.ActiveCfg = Release|Any CPU
		{AE5ACD87-0FF4-4472-A373-055929A1915A}.Release|Any CPU.Build.0 = Release|Any CPU
	EndGlobalSection
	GlobalSection(SolutionProperties) = preSolution
		HideSolutionNode = FALSE
	EndGlobalSection
	GlobalSection(ExtensibilityGlobals) = postSolution
		SolutionGuid = {062306AD-307B-455E-ABC2-8FD7D4DBD6D4}
	EndGlobalSection
EndGlobal
